// !$*UTF8*$!
{
	archiveVersion = 1;
	classes = {
	};
	objectVersion = 46;
	objects = {

/* Begin PBXBuildFile section */
		2CFAC95C2A344A7294CD980E /* libPods.a in Frameworks */ = {isa = PBXBuildFile; fileRef = B63DAA6991DD41248233B144 /* libPods.a */; };
		33C99049186BAB6800A6C0BE /* Sample5Controller.m in Sources */ = {isa = PBXBuildFile; fileRef = 33C99048186BAB6800A6C0BE /* Sample5Controller.m */; };
		33C9904A186BAB6800A6C0BE /* Sample5Controller.m in Sources */ = {isa = PBXBuildFile; fileRef = 33C99048186BAB6800A6C0BE /* Sample5Controller.m */; };
		33C9904D186BAF7900A6C0BE /* Sample5TimeInterceptor.m in Sources */ = {isa = PBXBuildFile; fileRef = 33C9904C186BAF7900A6C0BE /* Sample5TimeInterceptor.m */; };
		33C9904E186BAF7900A6C0BE /* Sample5TimeInterceptor.m in Sources */ = {isa = PBXBuildFile; fileRef = 33C9904C186BAF7900A6C0BE /* Sample5TimeInterceptor.m */; };
		33DC39C41866F1B200235A63 /* Foundation.framework in Frameworks */ = {isa = PBXBuildFile; fileRef = 33DC39C31866F1B200235A63 /* Foundation.framework */; };
		33DC39C61866F1B200235A63 /* CoreGraphics.framework in Frameworks */ = {isa = PBXBuildFile; fileRef = 33DC39C51866F1B200235A63 /* CoreGraphics.framework */; };
		33DC39C81866F1B200235A63 /* UIKit.framework in Frameworks */ = {isa = PBXBuildFile; fileRef = 33DC39C71866F1B200235A63 /* UIKit.framework */; };
		33DC39CE1866F1B200235A63 /* InfoPlist.strings in Resources */ = {isa = PBXBuildFile; fileRef = 33DC39CC1866F1B200235A63 /* InfoPlist.strings */; };
		33DC39D01866F1B200235A63 /* main.m in Sources */ = {isa = PBXBuildFile; fileRef = 33DC39CF1866F1B200235A63 /* main.m */; };
		33DC39D41866F1B200235A63 /* AppDelegate.m in Sources */ = {isa = PBXBuildFile; fileRef = 33DC39D31866F1B200235A63 /* AppDelegate.m */; };
		33DC39D71866F1B200235A63 /* Main_iPhone.storyboard in Resources */ = {isa = PBXBuildFile; fileRef = 33DC39D51866F1B200235A63 /* Main_iPhone.storyboard */; };
		33DC39DA1866F1B200235A63 /* Main_iPad.storyboard in Resources */ = {isa = PBXBuildFile; fileRef = 33DC39D81866F1B200235A63 /* Main_iPad.storyboard */; };
		33DC39DD1866F1B200235A63 /* Sample1Controller.m in Sources */ = {isa = PBXBuildFile; fileRef = 33DC39DC1866F1B200235A63 /* Sample1Controller.m */; };
		33DC39DF1866F1B200235A63 /* Images.xcassets in Resources */ = {isa = PBXBuildFile; fileRef = 33DC39DE1866F1B200235A63 /* Images.xcassets */; };
		33DC39E61866F1B200235A63 /* XCTest.framework in Frameworks */ = {isa = PBXBuildFile; fileRef = 33DC39E51866F1B200235A63 /* XCTest.framework */; };
		33DC39E71866F1B200235A63 /* Foundation.framework in Frameworks */ = {isa = PBXBuildFile; fileRef = 33DC39C31866F1B200235A63 /* Foundation.framework */; };
		33DC39E81866F1B200235A63 /* UIKit.framework in Frameworks */ = {isa = PBXBuildFile; fileRef = 33DC39C71866F1B200235A63 /* UIKit.framework */; };
		33DC39F01866F1B200235A63 /* InfoPlist.strings in Resources */ = {isa = PBXBuildFile; fileRef = 33DC39EE1866F1B200235A63 /* InfoPlist.strings */; };
		33DC39F21866F1B200235A63 /* Sample1ControllerTests.m in Sources */ = {isa = PBXBuildFile; fileRef = 33DC39F11866F1B200235A63 /* Sample1ControllerTests.m */; };
		33DC39FC1866F3A000235A63 /* CDITest.m in Sources */ = {isa = PBXBuildFile; fileRef = 33DC39FB1866F3A000235A63 /* CDITest.m */; };
		33DC3A871867A5FD00235A63 /* MySample1ServiceImplementation.m in Sources */ = {isa = PBXBuildFile; fileRef = 33DC3A861867A5FD00235A63 /* MySample1ServiceImplementation.m */; };
		33E5C163189870CC00E3B796 /* Sample3Controller.m in Sources */ = {isa = PBXBuildFile; fileRef = 33E5C161189870CC00E3B796 /* Sample3Controller.m */; };
		33E5C164189870CC00E3B796 /* Sample3Controller.m in Sources */ = {isa = PBXBuildFile; fileRef = 33E5C161189870CC00E3B796 /* Sample3Controller.m */; };
		D700B6C001E64CA29408C7FE /* libPods-SampleTests.a in Frameworks */ = {isa = PBXBuildFile; fileRef = D072CC990AAD4DBAAE0E7197 /* libPods-SampleTests.a */; };
		FCDDF3875AE151968E5FD7B6 /* MySample2ServiceImplementation.m in Sources */ = {isa = PBXBuildFile; fileRef = FCDDFFC83CD5357EA342835A /* MySample2ServiceImplementation.m */; };
		FCDDF38897C7C02AFA517172 /* MySample2ServiceDummy.m in Sources */ = {isa = PBXBuildFile; fileRef = FCDDFE18C2C19070B645796F /* MySample2ServiceDummy.m */; };
		FCDDF69F1352ACC960CF9CCD /* MySample4ServiceImplementation.m in Sources */ = {isa = PBXBuildFile; fileRef = FCDDF5F92587E5C36AA5B841 /* MySample4ServiceImplementation.m */; };
		FCDDF7D76A4A420E7B149A1B /* Sample4Controller.m in Sources */ = {isa = PBXBuildFile; fileRef = FCDDF34EF6A9A7926A218E41 /* Sample4Controller.m */; };
		FCDDFA32E43C89AD7E02DDC7 /* MySample2ServiceDummy.m in Sources */ = {isa = PBXBuildFile; fileRef = FCDDFE18C2C19070B645796F /* MySample2ServiceDummy.m */; };
		FCDDFB4F0C70D9D23B45B053 /* MySample4ServiceImplementation.m in Sources */ = {isa = PBXBuildFile; fileRef = FCDDF5F92587E5C36AA5B841 /* MySample4ServiceImplementation.m */; };
		FCDDFBE585BE5107C3C56886 /* MySample2ServiceImplementation.m in Sources */ = {isa = PBXBuildFile; fileRef = FCDDFFC83CD5357EA342835A /* MySample2ServiceImplementation.m */; };
		FCDDFC33311868D8E9D89642 /* Sample4Controller.m in Sources */ = {isa = PBXBuildFile; fileRef = FCDDF34EF6A9A7926A218E41 /* Sample4Controller.m */; };
		FCDDFC4EBEB5EA3466999E60 /* Sample2Controller.m in Sources */ = {isa = PBXBuildFile; fileRef = FCDDF7A6D4DED4FFAA7117A1 /* Sample2Controller.m */; };
		FCDDFD5137253AC9853E4B2F /* Sample2Controller.m in Sources */ = {isa = PBXBuildFile; fileRef = FCDDF7A6D4DED4FFAA7117A1 /* Sample2Controller.m */; };
		FCDDFE5065DD2755A93EBAE2 /* Sample5MethodLoggerInterceptor.m in Sources */ = {isa = PBXBuildFile; fileRef = FCDDFC8F1046927968E15937 /* Sample5MethodLoggerInterceptor.m */; };
/* End PBXBuildFile section */

/* Begin PBXContainerItemProxy section */
		33DC39E91866F1B200235A63 /* PBXContainerItemProxy */ = {
			isa = PBXContainerItemProxy;
			containerPortal = 33DC39B81866F1B200235A63 /* Project object */;
			proxyType = 1;
			remoteGlobalIDString = 33DC39BF1866F1B200235A63;
			remoteInfo = Sample;
		};
/* End PBXContainerItemProxy section */

/* Begin PBXFileReference section */
		33C99047186BAB6800A6C0BE /* Sample5Controller.h */ = {isa = PBXFileReference; fileEncoding = 4; lastKnownFileType = sourcecode.c.h; path = Sample5Controller.h; sourceTree = "<group>"; };
		33C99048186BAB6800A6C0BE /* Sample5Controller.m */ = {isa = PBXFileReference; fileEncoding = 4; lastKnownFileType = sourcecode.c.objc; path = Sample5Controller.m; sourceTree = "<group>"; };
		33C9904B186BAF7900A6C0BE /* Sample5TimeInterceptor.h */ = {isa = PBXFileReference; fileEncoding = 4; lastKnownFileType = sourcecode.c.h; path = Sample5TimeInterceptor.h; sourceTree = "<group>"; };
		33C9904C186BAF7900A6C0BE /* Sample5TimeInterceptor.m */ = {isa = PBXFileReference; fileEncoding = 4; lastKnownFileType = sourcecode.c.objc; path = Sample5TimeInterceptor.m; sourceTree = "<group>"; };
		33DC39C01866F1B200235A63 /* Sample.app */ = {isa = PBXFileReference; explicitFileType = wrapper.application; includeInIndex = 0; path = Sample.app; sourceTree = BUILT_PRODUCTS_DIR; };
		33DC39C31866F1B200235A63 /* Foundation.framework */ = {isa = PBXFileReference; lastKnownFileType = wrapper.framework; name = Foundation.framework; path = System/Library/Frameworks/Foundation.framework; sourceTree = SDKROOT; };
		33DC39C51866F1B200235A63 /* CoreGraphics.framework */ = {isa = PBXFileReference; lastKnownFileType = wrapper.framework; name = CoreGraphics.framework; path = System/Library/Frameworks/CoreGraphics.framework; sourceTree = SDKROOT; };
		33DC39C71866F1B200235A63 /* UIKit.framework */ = {isa = PBXFileReference; lastKnownFileType = wrapper.framework; name = UIKit.framework; path = System/Library/Frameworks/UIKit.framework; sourceTree = SDKROOT; };
		33DC39CB1866F1B200235A63 /* Sample-Info.plist */ = {isa = PBXFileReference; lastKnownFileType = text.plist.xml; path = "Sample-Info.plist"; sourceTree = "<group>"; };
		33DC39CD1866F1B200235A63 /* en */ = {isa = PBXFileReference; lastKnownFileType = text.plist.strings; name = en; path = en.lproj/InfoPlist.strings; sourceTree = "<group>"; };
		33DC39CF1866F1B200235A63 /* main.m */ = {isa = PBXFileReference; lastKnownFileType = sourcecode.c.objc; path = main.m; sourceTree = "<group>"; };
		33DC39D11866F1B200235A63 /* Sample-Prefix.pch */ = {isa = PBXFileReference; lastKnownFileType = sourcecode.c.h; path = "Sample-Prefix.pch"; sourceTree = "<group>"; };
		33DC39D21866F1B200235A63 /* AppDelegate.h */ = {isa = PBXFileReference; lastKnownFileType = sourcecode.c.h; path = AppDelegate.h; sourceTree = "<group>"; };
		33DC39D31866F1B200235A63 /* AppDelegate.m */ = {isa = PBXFileReference; lastKnownFileType = sourcecode.c.objc; path = AppDelegate.m; sourceTree = "<group>"; };
		33DC39D61866F1B200235A63 /* Base */ = {isa = PBXFileReference; lastKnownFileType = file.storyboard; name = Base; path = Base.lproj/Main_iPhone.storyboard; sourceTree = "<group>"; };
		33DC39D91866F1B200235A63 /* Base */ = {isa = PBXFileReference; lastKnownFileType = file.storyboard; name = Base; path = Base.lproj/Main_iPad.storyboard; sourceTree = "<group>"; };
		33DC39DB1866F1B200235A63 /* Sample1Controller.h */ = {isa = PBXFileReference; lastKnownFileType = sourcecode.c.h; path = Sample1Controller.h; sourceTree = "<group>"; };
		33DC39DC1866F1B200235A63 /* Sample1Controller.m */ = {isa = PBXFileReference; lastKnownFileType = sourcecode.c.objc; path = Sample1Controller.m; sourceTree = "<group>"; };
		33DC39DE1866F1B200235A63 /* Images.xcassets */ = {isa = PBXFileReference; lastKnownFileType = folder.assetcatalog; path = Images.xcassets; sourceTree = "<group>"; };
		33DC39E41866F1B200235A63 /* SampleTests.xctest */ = {isa = PBXFileReference; explicitFileType = wrapper.cfbundle; includeInIndex = 0; path = SampleTests.xctest; sourceTree = BUILT_PRODUCTS_DIR; };
		33DC39E51866F1B200235A63 /* XCTest.framework */ = {isa = PBXFileReference; lastKnownFileType = wrapper.framework; name = XCTest.framework; path = Library/Frameworks/XCTest.framework; sourceTree = DEVELOPER_DIR; };
		33DC39ED1866F1B200235A63 /* SampleTests-Info.plist */ = {isa = PBXFileReference; lastKnownFileType = text.plist.xml; path = "SampleTests-Info.plist"; sourceTree = "<group>"; };
		33DC39EF1866F1B200235A63 /* en */ = {isa = PBXFileReference; lastKnownFileType = text.plist.strings; name = en; path = en.lproj/InfoPlist.strings; sourceTree = "<group>"; };
		33DC39F11866F1B200235A63 /* Sample1ControllerTests.m */ = {isa = PBXFileReference; lastKnownFileType = sourcecode.c.objc; path = Sample1ControllerTests.m; sourceTree = "<group>"; };
		33DC39FB1866F3A000235A63 /* CDITest.m */ = {isa = PBXFileReference; fileEncoding = 4; lastKnownFileType = sourcecode.c.objc; name = CDITest.m; path = ../../../Tests/CDITest.m; sourceTree = "<group>"; };
		33DC3A841867A4ED00235A63 /* MySample1Service.h */ = {isa = PBXFileReference; fileEncoding = 4; lastKnownFileType = sourcecode.c.h; path = MySample1Service.h; sourceTree = "<group>"; };
		33DC3A851867A5FD00235A63 /* MySample1ServiceImplementation.h */ = {isa = PBXFileReference; fileEncoding = 4; lastKnownFileType = sourcecode.c.h; path = MySample1ServiceImplementation.h; sourceTree = "<group>"; };
		33DC3A861867A5FD00235A63 /* MySample1ServiceImplementation.m */ = {isa = PBXFileReference; fileEncoding = 4; lastKnownFileType = sourcecode.c.objc; path = MySample1ServiceImplementation.m; sourceTree = "<group>"; };
		33E5C161189870CC00E3B796 /* Sample3Controller.m */ = {isa = PBXFileReference; fileEncoding = 4; lastKnownFileType = sourcecode.c.objc; path = Sample3Controller.m; sourceTree = "<group>"; };
		33E5C162189870CC00E3B796 /* Sample3Controller.h */ = {isa = PBXFileReference; fileEncoding = 4; lastKnownFileType = sourcecode.c.h; path = Sample3Controller.h; sourceTree = "<group>"; };
		33EE94EAD0AF4F359106AEF9 /* Pods-SampleTests.xcconfig */ = {isa = PBXFileReference; includeInIndex = 1; lastKnownFileType = text.xcconfig; name = "Pods-SampleTests.xcconfig"; path = "../Pods/Pods-SampleTests.xcconfig"; sourceTree = "<group>"; };
		B63DAA6991DD41248233B144 /* libPods.a */ = {isa = PBXFileReference; explicitFileType = archive.ar; includeInIndex = 0; path = libPods.a; sourceTree = BUILT_PRODUCTS_DIR; };
		D072CC990AAD4DBAAE0E7197 /* libPods-SampleTests.a */ = {isa = PBXFileReference; explicitFileType = archive.ar; includeInIndex = 0; path = "libPods-SampleTests.a"; sourceTree = BUILT_PRODUCTS_DIR; };
		D3871E6378834DA2B8AC56F1 /* Pods.xcconfig */ = {isa = PBXFileReference; includeInIndex = 1; lastKnownFileType = text.xcconfig; name = Pods.xcconfig; path = ../Pods/Pods.xcconfig; sourceTree = "<group>"; };
		FCDDF11D408A9341BBE2A3A6 /* MySample2Service.h */ = {isa = PBXFileReference; fileEncoding = 4; lastKnownFileType = sourcecode.c.h; path = MySample2Service.h; sourceTree = "<group>"; };
		FCDDF16C3F5879D3213FBDC1 /* MySample4ServiceImplementation.h */ = {isa = PBXFileReference; fileEncoding = 4; lastKnownFileType = sourcecode.c.h; path = MySample4ServiceImplementation.h; sourceTree = "<group>"; };
		FCDDF203D643C49F21D3ED6A /* MySample4Service.h */ = {isa = PBXFileReference; fileEncoding = 4; lastKnownFileType = sourcecode.c.h; path = MySample4Service.h; sourceTree = "<group>"; };
		FCDDF34EF6A9A7926A218E41 /* Sample4Controller.m */ = {isa = PBXFileReference; fileEncoding = 4; lastKnownFileType = sourcecode.c.objc; path = Sample4Controller.m; sourceTree = "<group>"; };
		FCDDF3C6BC72201D73066267 /* Sample4Controller.h */ = {isa = PBXFileReference; fileEncoding = 4; lastKnownFileType = sourcecode.c.h; path = Sample4Controller.h; sourceTree = "<group>"; };
		FCDDF49DF25D5474036D22DB /* Sample2Controller.h */ = {isa = PBXFileReference; fileEncoding = 4; lastKnownFileType = sourcecode.c.h; path = Sample2Controller.h; sourceTree = "<group>"; };
		FCDDF4B2E8DFC4DA749EF1CF /* MySample2ServiceImplementation.h */ = {isa = PBXFileReference; fileEncoding = 4; lastKnownFileType = sourcecode.c.h; path = MySample2ServiceImplementation.h; sourceTree = "<group>"; };
		FCDDF5F92587E5C36AA5B841 /* MySample4ServiceImplementation.m */ = {isa = PBXFileReference; fileEncoding = 4; lastKnownFileType = sourcecode.c.objc; path = MySample4ServiceImplementation.m; sourceTree = "<group>"; };
		FCDDF7A6D4DED4FFAA7117A1 /* Sample2Controller.m */ = {isa = PBXFileReference; fileEncoding = 4; lastKnownFileType = sourcecode.c.objc; path = Sample2Controller.m; sourceTree = "<group>"; };
		FCDDF7AA5BC97A75E4E25316 /* Sample5MethodLoggerInterceptor.h */ = {isa = PBXFileReference; fileEncoding = 4; lastKnownFileType = sourcecode.c.h; path = Sample5MethodLoggerInterceptor.h; sourceTree = "<group>"; };
		FCDDF8A42007B340BF6DDE75 /* MySample2ServiceDummy.h */ = {isa = PBXFileReference; fileEncoding = 4; lastKnownFileType = sourcecode.c.h; path = MySample2ServiceDummy.h; sourceTree = "<group>"; };
		FCDDFC8F1046927968E15937 /* Sample5MethodLoggerInterceptor.m */ = {isa = PBXFileReference; fileEncoding = 4; lastKnownFileType = sourcecode.c.objc; path = Sample5MethodLoggerInterceptor.m; sourceTree = "<group>"; };
		FCDDFE18C2C19070B645796F /* MySample2ServiceDummy.m */ = {isa = PBXFileReference; fileEncoding = 4; lastKnownFileType = sourcecode.c.objc; path = MySample2ServiceDummy.m; sourceTree = "<group>"; };
		FCDDFFC83CD5357EA342835A /* MySample2ServiceImplementation.m */ = {isa = PBXFileReference; fileEncoding = 4; lastKnownFileType = sourcecode.c.objc; path = MySample2ServiceImplementation.m; sourceTree = "<group>"; };
/* End PBXFileReference section */

/* Begin PBXFrameworksBuildPhase section */
		33DC39BD1866F1B200235A63 /* Frameworks */ = {
			isa = PBXFrameworksBuildPhase;
			buildActionMask = 2147483647;
			files = (
				33DC39C61866F1B200235A63 /* CoreGraphics.framework in Frameworks */,
				33DC39C81866F1B200235A63 /* UIKit.framework in Frameworks */,
				33DC39C41866F1B200235A63 /* Foundation.framework in Frameworks */,
				2CFAC95C2A344A7294CD980E /* libPods.a in Frameworks */,
			);
			runOnlyForDeploymentPostprocessing = 0;
		};
		33DC39E11866F1B200235A63 /* Frameworks */ = {
			isa = PBXFrameworksBuildPhase;
			buildActionMask = 2147483647;
			files = (
				33DC39E61866F1B200235A63 /* XCTest.framework in Frameworks */,
				33DC39E81866F1B200235A63 /* UIKit.framework in Frameworks */,
				33DC39E71866F1B200235A63 /* Foundation.framework in Frameworks */,
				D700B6C001E64CA29408C7FE /* libPods-SampleTests.a in Frameworks */,
			);
			runOnlyForDeploymentPostprocessing = 0;
		};
/* End PBXFrameworksBuildPhase section */

/* Begin PBXGroup section */
		33C99045186BA6C600A6C0BE /* Sample1 */ = {
			isa = PBXGroup;
			children = (
				33DC3A841867A4ED00235A63 /* MySample1Service.h */,
				33DC3A851867A5FD00235A63 /* MySample1ServiceImplementation.h */,
				33DC3A861867A5FD00235A63 /* MySample1ServiceImplementation.m */,
				33DC39DB1866F1B200235A63 /* Sample1Controller.h */,
				33DC39DC1866F1B200235A63 /* Sample1Controller.m */,
			);
			name = Sample1;
			sourceTree = "<group>";
		};
		33C99046186BA93200A6C0BE /* Sample5 */ = {
			isa = PBXGroup;
			children = (
				33C9904B186BAF7900A6C0BE /* Sample5TimeInterceptor.h */,
				33C9904C186BAF7900A6C0BE /* Sample5TimeInterceptor.m */,
				33C99047186BAB6800A6C0BE /* Sample5Controller.h */,
				33C99048186BAB6800A6C0BE /* Sample5Controller.m */,
				FCDDFC8F1046927968E15937 /* Sample5MethodLoggerInterceptor.m */,
				FCDDF7AA5BC97A75E4E25316 /* Sample5MethodLoggerInterceptor.h */,
			);
			name = Sample5;
			sourceTree = "<group>";
		};
		33DC39B71866F1B200235A63 = {
			isa = PBXGroup;
			children = (
				33DC39C91866F1B200235A63 /* Sample */,
				33DC39EB1866F1B200235A63 /* SampleTests */,
				33DC39C21866F1B200235A63 /* Frameworks */,
				33DC39C11866F1B200235A63 /* Products */,
				D3871E6378834DA2B8AC56F1 /* Pods.xcconfig */,
				33EE94EAD0AF4F359106AEF9 /* Pods-SampleTests.xcconfig */,
			);
			sourceTree = "<group>";
		};
		33DC39C11866F1B200235A63 /* Products */ = {
			isa = PBXGroup;
			children = (
				33DC39C01866F1B200235A63 /* Sample.app */,
				33DC39E41866F1B200235A63 /* SampleTests.xctest */,
			);
			name = Products;
			sourceTree = "<group>";
		};
		33DC39C21866F1B200235A63 /* Frameworks */ = {
			isa = PBXGroup;
			children = (
				33DC39C31866F1B200235A63 /* Foundation.framework */,
				33DC39C51866F1B200235A63 /* CoreGraphics.framework */,
				33DC39C71866F1B200235A63 /* UIKit.framework */,
				33DC39E51866F1B200235A63 /* XCTest.framework */,
				B63DAA6991DD41248233B144 /* libPods.a */,
				D072CC990AAD4DBAAE0E7197 /* libPods-SampleTests.a */,
			);
			name = Frameworks;
			sourceTree = "<group>";
		};
		33DC39C91866F1B200235A63 /* Sample */ = {
			isa = PBXGroup;
			children = (
				33C99045186BA6C600A6C0BE /* Sample1 */,
				33C99046186BA93200A6C0BE /* Sample5 */,
				33DC39D21866F1B200235A63 /* AppDelegate.h */,
				33DC39D31866F1B200235A63 /* AppDelegate.m */,
				33DC39D51866F1B200235A63 /* Main_iPhone.storyboard */,
				33DC39D81866F1B200235A63 /* Main_iPad.storyboard */,
				33DC39DE1866F1B200235A63 /* Images.xcassets */,
				33DC39CA1866F1B200235A63 /* Supporting Files */,
				FCDDFF50C1BF82FC5F6DB7CC /* Sample4 */,
				FCDDF9338620F7F5DEB55B5C /* Sample2 */,
				FCDDF1C984F85139E7A52D7F /* Sample3 */,
			);
			path = Sample;
			sourceTree = "<group>";
		};
		33DC39CA1866F1B200235A63 /* Supporting Files */ = {
			isa = PBXGroup;
			children = (
				33DC39CB1866F1B200235A63 /* Sample-Info.plist */,
				33DC39CC1866F1B200235A63 /* InfoPlist.strings */,
				33DC39CF1866F1B200235A63 /* main.m */,
				33DC39D11866F1B200235A63 /* Sample-Prefix.pch */,
			);
			name = "Supporting Files";
			sourceTree = "<group>";
		};
		33DC39EB1866F1B200235A63 /* SampleTests */ = {
			isa = PBXGroup;
			children = (
				33DC39FB1866F3A000235A63 /* CDITest.m */,
				33DC39F11866F1B200235A63 /* Sample1ControllerTests.m */,
				33DC39EC1866F1B200235A63 /* Supporting Files */,
			);
			path = SampleTests;
			sourceTree = "<group>";
		};
		33DC39EC1866F1B200235A63 /* Supporting Files */ = {
			isa = PBXGroup;
			children = (
				33DC39ED1866F1B200235A63 /* SampleTests-Info.plist */,
				33DC39EE1866F1B200235A63 /* InfoPlist.strings */,
			);
			name = "Supporting Files";
			sourceTree = "<group>";
		};
		FCDDF1C984F85139E7A52D7F /* Sample3 */ = {
			isa = PBXGroup;
			children = (
				33E5C161189870CC00E3B796 /* Sample3Controller.m */,
				33E5C162189870CC00E3B796 /* Sample3Controller.h */,
			);
			name = Sample3;
			sourceTree = "<group>";
		};
		FCDDF9338620F7F5DEB55B5C /* Sample2 */ = {
			isa = PBXGroup;
			children = (
				FCDDF7A6D4DED4FFAA7117A1 /* Sample2Controller.m */,
				FCDDF49DF25D5474036D22DB /* Sample2Controller.h */,
				FCDDFFC83CD5357EA342835A /* MySample2ServiceImplementation.m */,
				FCDDF4B2E8DFC4DA749EF1CF /* MySample2ServiceImplementation.h */,
				FCDDF11D408A9341BBE2A3A6 /* MySample2Service.h */,
				FCDDFE18C2C19070B645796F /* MySample2ServiceDummy.m */,
				FCDDF8A42007B340BF6DDE75 /* MySample2ServiceDummy.h */,
			);
			name = Sample2;
			sourceTree = "<group>";
		};
		FCDDFF50C1BF82FC5F6DB7CC /* Sample4 */ = {
			isa = PBXGroup;
			children = (
				FCDDF34EF6A9A7926A218E41 /* Sample4Controller.m */,
				FCDDF3C6BC72201D73066267 /* Sample4Controller.h */,
				FCDDF16C3F5879D3213FBDC1 /* MySample4ServiceImplementation.h */,
				FCDDF5F92587E5C36AA5B841 /* MySample4ServiceImplementation.m */,
				FCDDF203D643C49F21D3ED6A /* MySample4Service.h */,
			);
			name = Sample4;
			sourceTree = "<group>";
		};
/* End PBXGroup section */

/* Begin PBXNativeTarget section */
		33DC39BF1866F1B200235A63 /* Sample */ = {
			isa = PBXNativeTarget;
			buildConfigurationList = 33DC39F51866F1B200235A63 /* Build configuration list for PBXNativeTarget "Sample" */;
			buildPhases = (
				03C6C69E15FF46F19F14AAFB /* Check Pods Manifest.lock */,
				33DC39BC1866F1B200235A63 /* Sources */,
				33DC39BD1866F1B200235A63 /* Frameworks */,
				33DC39BE1866F1B200235A63 /* Resources */,
				14EB91A37BA24288BFF67DFF /* Copy Pods Resources */,
			);
			buildRules = (
			);
			dependencies = (
			);
			name = Sample;
			productName = Sample;
			productReference = 33DC39C01866F1B200235A63 /* Sample.app */;
			productType = "com.apple.product-type.application";
		};
		33DC39E31866F1B200235A63 /* SampleTests */ = {
			isa = PBXNativeTarget;
			buildConfigurationList = 33DC39F81866F1B200235A63 /* Build configuration list for PBXNativeTarget "SampleTests" */;
			buildPhases = (
				BC460DEAB6F94078BB980969 /* Check Pods Manifest.lock */,
				33DC39E01866F1B200235A63 /* Sources */,
				33DC39E11866F1B200235A63 /* Frameworks */,
				33DC39E21866F1B200235A63 /* Resources */,
				622509FF232D4FBBBE718E1D /* Copy Pods Resources */,
			);
			buildRules = (
			);
			dependencies = (
				33DC39EA1866F1B200235A63 /* PBXTargetDependency */,
			);
			name = SampleTests;
			productName = SampleTests;
			productReference = 33DC39E41866F1B200235A63 /* SampleTests.xctest */;
			productType = "com.apple.product-type.bundle.unit-test";
		};
/* End PBXNativeTarget section */

/* Begin PBXProject section */
		33DC39B81866F1B200235A63 /* Project object */ = {
			isa = PBXProject;
			attributes = {
				LastUpgradeCheck = 0500;
				ORGANIZATIONNAME = "real-prometheus";
				TargetAttributes = {
					33DC39E31866F1B200235A63 = {
						TestTargetID = 33DC39BF1866F1B200235A63;
					};
				};
			};
			buildConfigurationList = 33DC39BB1866F1B200235A63 /* Build configuration list for PBXProject "Sample" */;
			compatibilityVersion = "Xcode 3.2";
			developmentRegion = English;
			hasScannedForEncodings = 0;
			knownRegions = (
				en,
				Base,
			);
			mainGroup = 33DC39B71866F1B200235A63;
			productRefGroup = 33DC39C11866F1B200235A63 /* Products */;
			projectDirPath = "";
			projectRoot = "";
			targets = (
				33DC39BF1866F1B200235A63 /* Sample */,
				33DC39E31866F1B200235A63 /* SampleTests */,
			);
		};
/* End PBXProject section */

/* Begin PBXResourcesBuildPhase section */
		33DC39BE1866F1B200235A63 /* Resources */ = {
			isa = PBXResourcesBuildPhase;
			buildActionMask = 2147483647;
			files = (
				33DC39DA1866F1B200235A63 /* Main_iPad.storyboard in Resources */,
				33DC39DF1866F1B200235A63 /* Images.xcassets in Resources */,
				33DC39D71866F1B200235A63 /* Main_iPhone.storyboard in Resources */,
				33DC39CE1866F1B200235A63 /* InfoPlist.strings in Resources */,
			);
			runOnlyForDeploymentPostprocessing = 0;
		};
		33DC39E21866F1B200235A63 /* Resources */ = {
			isa = PBXResourcesBuildPhase;
			buildActionMask = 2147483647;
			files = (
				33DC39F01866F1B200235A63 /* InfoPlist.strings in Resources */,
			);
			runOnlyForDeploymentPostprocessing = 0;
		};
/* End PBXResourcesBuildPhase section */

/* Begin PBXShellScriptBuildPhase section */
		03C6C69E15FF46F19F14AAFB /* Check Pods Manifest.lock */ = {
			isa = PBXShellScriptBuildPhase;
			buildActionMask = 2147483647;
			files = (
			);
			inputPaths = (
			);
			name = "Check Pods Manifest.lock";
			outputPaths = (
			);
			runOnlyForDeploymentPostprocessing = 0;
			shellPath = /bin/sh;
			shellScript = "diff \"${PODS_ROOT}/../Podfile.lock\" \"${PODS_ROOT}/Manifest.lock\" > /dev/null\nif [[ $? != 0 ]] ; then\n    cat << EOM\nerror: The sandbox is not in sync with the Podfile.lock. Run 'pod install' or update your CocoaPods installation.\nEOM\n    exit 1\nfi\n";
			showEnvVarsInLog = 0;
		};
		14EB91A37BA24288BFF67DFF /* Copy Pods Resources */ = {
			isa = PBXShellScriptBuildPhase;
			buildActionMask = 2147483647;
			files = (
			);
			inputPaths = (
			);
			name = "Copy Pods Resources";
			outputPaths = (
			);
			runOnlyForDeploymentPostprocessing = 0;
			shellPath = /bin/sh;
			shellScript = "\"${SRCROOT}/../Pods/Pods-resources.sh\"\n";
			showEnvVarsInLog = 0;
		};
		622509FF232D4FBBBE718E1D /* Copy Pods Resources */ = {
			isa = PBXShellScriptBuildPhase;
			buildActionMask = 2147483647;
			files = (
			);
			inputPaths = (
			);
			name = "Copy Pods Resources";
			outputPaths = (
			);
			runOnlyForDeploymentPostprocessing = 0;
			shellPath = /bin/sh;
			shellScript = "\"${SRCROOT}/../Pods/Pods-SampleTests-resources.sh\"\n";
			showEnvVarsInLog = 0;
		};
		BC460DEAB6F94078BB980969 /* Check Pods Manifest.lock */ = {
			isa = PBXShellScriptBuildPhase;
			buildActionMask = 2147483647;
			files = (
			);
			inputPaths = (
			);
			name = "Check Pods Manifest.lock";
			outputPaths = (
			);
			runOnlyForDeploymentPostprocessing = 0;
			shellPath = /bin/sh;
			shellScript = "diff \"${PODS_ROOT}/../Podfile.lock\" \"${PODS_ROOT}/Manifest.lock\" > /dev/null\nif [[ $? != 0 ]] ; then\n    cat << EOM\nerror: The sandbox is not in sync with the Podfile.lock. Run 'pod install' or update your CocoaPods installation.\nEOM\n    exit 1\nfi\n";
			showEnvVarsInLog = 0;
		};
/* End PBXShellScriptBuildPhase section */

/* Begin PBXSourcesBuildPhase section */
		33DC39BC1866F1B200235A63 /* Sources */ = {
			isa = PBXSourcesBuildPhase;
			buildActionMask = 2147483647;
			files = (
				33DC39DD1866F1B200235A63 /* Sample1Controller.m in Sources */,
				33C99049186BAB6800A6C0BE /* Sample5Controller.m in Sources */,
				33DC39D41866F1B200235A63 /* AppDelegate.m in Sources */,
				33C9904D186BAF7900A6C0BE /* Sample5TimeInterceptor.m in Sources */,
				33E5C163189870CC00E3B796 /* Sample3Controller.m in Sources */,
				33DC3A871867A5FD00235A63 /* MySample1ServiceImplementation.m in Sources */,
				33DC39D01866F1B200235A63 /* main.m in Sources */,
				FCDDFE5065DD2755A93EBAE2 /* Sample5MethodLoggerInterceptor.m in Sources */,
				FCDDFC33311868D8E9D89642 /* Sample4Controller.m in Sources */,
				FCDDF69F1352ACC960CF9CCD /* MySample4ServiceImplementation.m in Sources */,
				FCDDFC4EBEB5EA3466999E60 /* Sample2Controller.m in Sources */,
				FCDDFBE585BE5107C3C56886 /* MySample2ServiceImplementation.m in Sources */,
				FCDDF38897C7C02AFA517172 /* MySample2ServiceDummy.m in Sources */,
			);
			runOnlyForDeploymentPostprocessing = 0;
		};
		33DC39E01866F1B200235A63 /* Sources */ = {
			isa = PBXSourcesBuildPhase;
			buildActionMask = 2147483647;
			files = (
				33DC39FC1866F3A000235A63 /* CDITest.m in Sources */,
				33C9904E186BAF7900A6C0BE /* Sample5TimeInterceptor.m in Sources */,
				33DC39F21866F1B200235A63 /* Sample1ControllerTests.m in Sources */,
				33C9904A186BAB6800A6C0BE /* Sample5Controller.m in Sources */,
				FCDDF7D76A4A420E7B149A1B /* Sample4Controller.m in Sources */,
				33E5C164189870CC00E3B796 /* Sample3Controller.m in Sources */,
				FCDDFB4F0C70D9D23B45B053 /* MySample4ServiceImplementation.m in Sources */,
				FCDDFD5137253AC9853E4B2F /* Sample2Controller.m in Sources */,
				FCDDF3875AE151968E5FD7B6 /* MySample2ServiceImplementation.m in Sources */,
				FCDDFA32E43C89AD7E02DDC7 /* MySample2ServiceDummy.m in Sources */,
			);
			runOnlyForDeploymentPostprocessing = 0;
		};
/* End PBXSourcesBuildPhase section */

/* Begin PBXTargetDependency section */
		33DC39EA1866F1B200235A63 /* PBXTargetDependency */ = {
			isa = PBXTargetDependency;
			target = 33DC39BF1866F1B200235A63 /* Sample */;
			targetProxy = 33DC39E91866F1B200235A63 /* PBXContainerItemProxy */;
		};
/* End PBXTargetDependency section */

/* Begin PBXVariantGroup section */
		33DC39CC1866F1B200235A63 /* InfoPlist.strings */ = {
			isa = PBXVariantGroup;
			children = (
				33DC39CD1866F1B200235A63 /* en */,
			);
			name = InfoPlist.strings;
			sourceTree = "<group>";
		};
		33DC39D51866F1B200235A63 /* Main_iPhone.storyboard */ = {
			isa = PBXVariantGroup;
			children = (
				33DC39D61866F1B200235A63 /* Base */,
			);
			name = Main_iPhone.storyboard;
			sourceTree = "<group>";
		};
		33DC39D81866F1B200235A63 /* Main_iPad.storyboard */ = {
			isa = PBXVariantGroup;
			children = (
				33DC39D91866F1B200235A63 /* Base */,
			);
			name = Main_iPad.storyboard;
			sourceTree = "<group>";
		};
		33DC39EE1866F1B200235A63 /* InfoPlist.strings */ = {
			isa = PBXVariantGroup;
			children = (
				33DC39EF1866F1B200235A63 /* en */,
			);
			name = InfoPlist.strings;
			sourceTree = "<group>";
		};
/* End PBXVariantGroup section */

/* Begin XCBuildConfiguration section */
		33DC39F31866F1B200235A63 /* Debug */ = {
			isa = XCBuildConfiguration;
			buildSettings = {
				ALWAYS_SEARCH_USER_PATHS = NO;
				ARCHS = "$(ARCHS_STANDARD_INCLUDING_64_BIT)";
				CLANG_CXX_LANGUAGE_STANDARD = "gnu++0x";
				CLANG_CXX_LIBRARY = "libc++";
				CLANG_ENABLE_MODULES = YES;
				CLANG_ENABLE_OBJC_ARC = YES;
				CLANG_WARN_BOOL_CONVERSION = YES;
				CLANG_WARN_CONSTANT_CONVERSION = YES;
				CLANG_WARN_DIRECT_OBJC_ISA_USAGE = YES_ERROR;
				CLANG_WARN_EMPTY_BODY = YES;
				CLANG_WARN_ENUM_CONVERSION = YES;
				CLANG_WARN_INT_CONVERSION = YES;
				CLANG_WARN_OBJC_ROOT_CLASS = YES_ERROR;
				CLANG_WARN__DUPLICATE_METHOD_MATCH = YES;
				"CODE_SIGN_IDENTITY[sdk=iphoneos*]" = "iPhone Developer";
				COPY_PHASE_STRIP = NO;
				GCC_C_LANGUAGE_STANDARD = gnu99;
				GCC_DYNAMIC_NO_PIC = NO;
				GCC_OPTIMIZATION_LEVEL = 0;
				GCC_PREPROCESSOR_DEFINITIONS = (
					"DEBUG=1",
					"$(inherited)",
				);
				GCC_SYMBOLS_PRIVATE_EXTERN = NO;
				GCC_WARN_64_TO_32_BIT_CONVERSION = YES;
				GCC_WARN_ABOUT_RETURN_TYPE = YES_ERROR;
				GCC_WARN_UNDECLARED_SELECTOR = YES;
				GCC_WARN_UNINITIALIZED_AUTOS = YES;
				GCC_WARN_UNUSED_FUNCTION = YES;
				GCC_WARN_UNUSED_VARIABLE = YES;
				IPHONEOS_DEPLOYMENT_TARGET = 7.0;
				ONLY_ACTIVE_ARCH = YES;
				SDKROOT = iphoneos;
				TARGETED_DEVICE_FAMILY = "1,2";
			};
			name = Debug;
		};
		33DC39F41866F1B200235A63 /* Release */ = {
			isa = XCBuildConfiguration;
			buildSettings = {
				ALWAYS_SEARCH_USER_PATHS = NO;
				ARCHS = "$(ARCHS_STANDARD_INCLUDING_64_BIT)";
				CLANG_CXX_LANGUAGE_STANDARD = "gnu++0x";
				CLANG_CXX_LIBRARY = "libc++";
				CLANG_ENABLE_MODULES = YES;
				CLANG_ENABLE_OBJC_ARC = YES;
				CLANG_WARN_BOOL_CONVERSION = YES;
				CLANG_WARN_CONSTANT_CONVERSION = YES;
				CLANG_WARN_DIRECT_OBJC_ISA_USAGE = YES_ERROR;
				CLANG_WARN_EMPTY_BODY = YES;
				CLANG_WARN_ENUM_CONVERSION = YES;
				CLANG_WARN_INT_CONVERSION = YES;
				CLANG_WARN_OBJC_ROOT_CLASS = YES_ERROR;
				CLANG_WARN__DUPLICATE_METHOD_MATCH = YES;
				"CODE_SIGN_IDENTITY[sdk=iphoneos*]" = "iPhone Developer";
				COPY_PHASE_STRIP = YES;
				ENABLE_NS_ASSERTIONS = NO;
				GCC_C_LANGUAGE_STANDARD = gnu99;
				GCC_WARN_64_TO_32_BIT_CONVERSION = YES;
				GCC_WARN_ABOUT_RETURN_TYPE = YES_ERROR;
				GCC_WARN_UNDECLARED_SELECTOR = YES;
				GCC_WARN_UNINITIALIZED_AUTOS = YES;
				GCC_WARN_UNUSED_FUNCTION = YES;
				GCC_WARN_UNUSED_VARIABLE = YES;
				IPHONEOS_DEPLOYMENT_TARGET = 7.0;
				SDKROOT = iphoneos;
				TARGETED_DEVICE_FAMILY = "1,2";
				VALIDATE_PRODUCT = YES;
			};
			name = Release;
		};
		33DC39F61866F1B200235A63 /* Debug */ = {
			isa = XCBuildConfiguration;
			baseConfigurationReference = D3871E6378834DA2B8AC56F1 /* Pods.xcconfig */;
			buildSettings = {
				ASSETCATALOG_COMPILER_APPICON_NAME = AppIcon;
				ASSETCATALOG_COMPILER_LAUNCHIMAGE_NAME = LaunchImage;
				GCC_PRECOMPILE_PREFIX_HEADER = YES;
				GCC_PREFIX_HEADER = "Sample/Sample-Prefix.pch";
				INFOPLIST_FILE = "Sample/Sample-Info.plist";
				PRODUCT_NAME = "$(TARGET_NAME)";
				WRAPPER_EXTENSION = app;
			};
			name = Debug;
		};
		33DC39F71866F1B200235A63 /* Release */ = {
			isa = XCBuildConfiguration;
			baseConfigurationReference = D3871E6378834DA2B8AC56F1 /* Pods.xcconfig */;
			buildSettings = {
				ASSETCATALOG_COMPILER_APPICON_NAME = AppIcon;
				ASSETCATALOG_COMPILER_LAUNCHIMAGE_NAME = LaunchImage;
				GCC_PRECOMPILE_PREFIX_HEADER = YES;
				GCC_PREFIX_HEADER = "Sample/Sample-Prefix.pch";
				INFOPLIST_FILE = "Sample/Sample-Info.plist";
				PRODUCT_NAME = "$(TARGET_NAME)";
				WRAPPER_EXTENSION = app;
			};
			name = Release;
		};
		33DC39F91866F1B200235A63 /* Debug */ = {
			isa = XCBuildConfiguration;
			baseConfigurationReference = 33EE94EAD0AF4F359106AEF9 /* Pods-SampleTests.xcconfig */;
			buildSettings = {
				ARCHS = "$(ARCHS_STANDARD_INCLUDING_64_BIT)";
				BUNDLE_LOADER = "$(BUILT_PRODUCTS_DIR)/Sample.app/Sample";
				FRAMEWORK_SEARCH_PATHS = (
					"$(SDKROOT)/Developer/Library/Frameworks",
					"$(inherited)",
					"$(DEVELOPER_FRAMEWORKS_DIR)",
				);
				GCC_PRECOMPILE_PREFIX_HEADER = YES;
				GCC_PREFIX_HEADER = "Sample/Sample-Prefix.pch";
				GCC_PREPROCESSOR_DEFINITIONS = (
					"DEBUG=1",
					"$(inherited)",
				);
				INFOPLIST_FILE = "SampleTests/SampleTests-Info.plist";
				PRODUCT_NAME = "$(TARGET_NAME)";
				TEST_HOST = "$(BUNDLE_LOADER)";
				WRAPPER_EXTENSION = xctest;
			};
			name = Debug;
		};
		33DC39FA1866F1B200235A63 /* Release */ = {
			isa = XCBuildConfiguration;
			baseConfigurationReference = 33EE94EAD0AF4F359106AEF9 /* Pods-SampleTests.xcconfig */;
			buildSettings = {
				ARCHS = "$(ARCHS_STANDARD_INCLUDING_64_BIT)";
				BUNDLE_LOADER = "$(BUILT_PRODUCTS_DIR)/Sample.app/Sample";
				FRAMEWORK_SEARCH_PATHS = (
					"$(SDKROOT)/Developer/Library/Frameworks",
					"$(inherited)",
					"$(DEVELOPER_FRAMEWORKS_DIR)",
				);
				GCC_PRECOMPILE_PREFIX_HEADER = YES;
				GCC_PREFIX_HEADER = "Sample/Sample-Prefix.pch";
				INFOPLIST_FILE = "SampleTests/SampleTests-Info.plist";
				PRODUCT_NAME = "$(TARGET_NAME)";
				TEST_HOST = "$(BUNDLE_LOADER)";
				WRAPPER_EXTENSION = xctest;
			};
			name = Release;
		};
/* End XCBuildConfiguration section */

/* Begin XCConfigurationList section */
		33DC39BB1866F1B200235A63 /* Build configuration list for PBXProject "Sample" */ = {
			isa = XCConfigurationList;
			buildConfigurations = (
				33DC39F31866F1B200235A63 /* Debug */,
				33DC39F41866F1B200235A63 /* Release */,
			);
			defaultConfigurationIsVisible = 0;
			defaultConfigurationName = Release;
		};
		33DC39F51866F1B200235A63 /* Build configuration list for PBXNativeTarget "Sample" */ = {
			isa = XCConfigurationList;
			buildConfigurations = (
				33DC39F61866F1B200235A63 /* Debug */,
				33DC39F71866F1B200235A63 /* Release */,
			);
			defaultConfigurationIsVisible = 0;
			defaultConfigurationName = Release;
		};
		33DC39F81866F1B200235A63 /* Build configuration list for PBXNativeTarget "SampleTests" */ = {
			isa = XCConfigurationList;
			buildConfigurations = (
				33DC39F91866F1B200235A63 /* Debug */,
				33DC39FA1866F1B200235A63 /* Release */,
			);
			defaultConfigurationIsVisible = 0;
			defaultConfigurationName = Release;
		};
/* End XCConfigurationList section */
	};
	rootObject = 33DC39B81866F1B200235A63 /* Project object */;
}
